
Microsoft Visual Studio Solution File, Format Version 12.00
# Visual Studio 15
VisualStudioVersion = 15.0.28307.102
MinimumVisualStudioVersion = 10.0.40219.1
Project("{FAE04EC0-301F-11D3-BF4B-00C04F79EFBC}") = "MvcMovie", "MvcMovie\MvcMovie.csproj", "{C40D6A39-4467-4F96-95F8-7B1FDA0D41F4}"
EndProject
Global
	GlobalSection(SolutionConfigurationPlatforms) = preSolution
		Debug|Any CPU = Debug|Any CPU
		Release|Any CPU = Release|Any CPU
	EndGlobalSection
	GlobalSection(ProjectConfigurationPlatforms) = postSolution
		{C40D6A39-4467-4F96-95F8-7B1FDA0D41F4}.Debug|Any CPU.ActiveCfg = Debug|Any CPU
		{C40D6A39-4467-4F96-95F8-7B1FDA0D41F4}.Debug|Any CPU.Build.0 = Debug|Any CPU
		{C40D6A39-4467-4F96-95F8-7B1FDA0D41F4}.Release|Any CPU.ActiveCfg = Release|Any CPU
		{C40D6A39-4467-4F96-95F8-7B1FDA0D41F4}.Release|Any CPU.Build.0 = Release|Any CPU
	EndGlobalSection
	GlobalSection(SolutionProperties) = preSolution
		HideSolutionNode = FALSE
	EndGlobalSection
	GlobalSection(ExtensibilityGlobals) = postSolution
		SolutionGuid = {275336EE-FF72-449F-A4A3-9ADC30D8A7EF}
	EndGlobalSection
EndGlobal
